
Microsoft Visual Studio Solution File, Format Version 12.00
# Visual Studio Version 18
VisualStudioVersion = 18.0.11018.127
MinimumVisualStudioVersion = 10.0.40219.1
Project("{9A19103F-16F7-4668-BE54-9A1E7A4F7556}") = "Matheus.SortAlgorithms", "Matheus.SortAlgorithms\Matheus.SortAlgorithms.csproj", "{BDEE5FEE-3DA5-4738-9A01-CE501C4D6EB5}"
EndProject
Project("{9A19103F-16F7-4668-BE54-9A1E7A4F7556}") = "Matheus.SortAlgorithms.ConsoleApp", "Matheus.SortAlgorithms.ConsoleApp\Matheus.SortAlgorithms.ConsoleApp.csproj", "{BEB32D92-94F6-40DC-9520-A0B35A8AC525}"
EndProject
Project("{FAE04EC0-301F-11D3-BF4B-00C04F79EFBC}") = "Matheus.SortAlgorithms.Package.Instalation.Test.ConsoleApp", "Matheus.SortAlgorithms.Package.Instalation.Test.ConsoleApp\Matheus.SortAlgorithms.Package.Instalation.Test.ConsoleApp.csproj", "{3B5EFE43-9510-4BC3-8D76-AA25C561126B}"
EndProject
Project("{FAE04EC0-301F-11D3-BF4B-00C04F79EFBC}") = "Matheus.SortAlgorithms.Unit.Tests", "Matheus.SortAlgorithms.Unit.Tests\Matheus.SortAlgorithms.Unit.Tests.csproj", "{935497DB-9AA5-4C72-8437-46E8964F81A8}"
EndProject
Global
	GlobalSection(SolutionConfigurationPlatforms) = preSolution
		Debug|Any CPU = Debug|Any CPU
		Release|Any CPU = Release|Any CPU
	EndGlobalSection
	GlobalSection(ProjectConfigurationPlatforms) = postSolution
		{BDEE5FEE-3DA5-4738-9A01-CE501C4D6EB5}.Debug|Any CPU.ActiveCfg = Debug|Any CPU
		{BDEE5FEE-3DA5-4738-9A01-CE501C4D6EB5}.Debug|Any CPU.Build.0 = Debug|Any CPU
		{BDEE5FEE-3DA5-4738-9A01-CE501C4D6EB5}.Release|Any CPU.ActiveCfg = Release|Any CPU
		{BDEE5FEE-3DA5-4738-9A01-CE501C4D6EB5}.Release|Any CPU.Build.0 = Release|Any CPU
		{BEB32D92-94F6-40DC-9520-A0B35A8AC525}.Debug|Any CPU.ActiveCfg = Debug|Any CPU
		{BEB32D92-94F6-40DC-9520-A0B35A8AC525}.Debug|Any CPU.Build.0 = Debug|Any CPU
		{BEB32D92-94F6-40DC-9520-A0B35A8AC525}.Release|Any CPU.ActiveCfg = Release|Any CPU
		{BEB32D92-94F6-40DC-9520-A0B35A8AC525}.Release|Any CPU.Build.0 = Release|Any CPU
		{3B5EFE43-9510-4BC3-8D76-AA25C561126B}.Debug|Any CPU.ActiveCfg = Debug|Any CPU
		{3B5EFE43-9510-4BC3-8D76-AA25C561126B}.Debug|Any CPU.Build.0 = Debug|Any CPU
		{3B5EFE43-9510-4BC3-8D76-AA25C561126B}.Release|Any CPU.ActiveCfg = Release|Any CPU
		{3B5EFE43-9510-4BC3-8D76-AA25C561126B}.Release|Any CPU.Build.0 = Release|Any CPU
		{935497DB-9AA5-4C72-8437-46E8964F81A8}.Debug|Any CPU.ActiveCfg = Debug|Any CPU
		{935497DB-9AA5-4C72-8437-46E8964F81A8}.Debug|Any CPU.Build.0 = Debug|Any CPU
		{935497DB-9AA5-4C72-8437-46E8964F81A8}.Release|Any CPU.ActiveCfg = Release|Any CPU
		{935497DB-9AA5-4C72-8437-46E8964F81A8}.Release|Any CPU.Build.0 = Release|Any CPU
	EndGlobalSection
	GlobalSection(SolutionProperties) = preSolution
		HideSolutionNode = FALSE
	EndGlobalSection
	GlobalSection(ExtensibilityGlobals) = postSolution
		SolutionGuid = {FFAEA85D-5520-4B53-86DF-0C43D1CDE1AE}
	EndGlobalSection
EndGlobal
